{
    "_readme": [
        "This file locks the dependencies of your project to a known state",
        "Read more about it at https://getcomposer.org/doc/01-basic-usage.md#installing-dependencies",
        "This file is @generated automatically"
    ],
    "content-hash": "343f7696d8f3d92747dd5434b61544cc",
    "packages": [
        {
            "name": "jankx/asset",
            "version": "dev-master",
            "source": {
                "type": "git",
                "url": "https://github.com/jankx/asset.git",
                "reference": "4789734413897545bbf9896b99c1d301492efc58"
            },
            "dist": {
                "type": "zip",
                "url": "https://api.github.com/repos/jankx/asset/zipball/4789734413897545bbf9896b99c1d301492efc58",
                "reference": "4789734413897545bbf9896b99c1d301492efc58",
                "shasum": ""
            },
            "require": {
                "jankx/helpers": "*"
            },
            "default-branch": true,
            "type": "library",
            "autoload": {
                "psr-4": {
                    "Jankx\\Asset\\": "src/"
                }
            },
            "notification-url": "https://packagist.org/downloads/",
            "license": [
                "MIT"
            ],
            "authors": [
                {
                    "name": "Puleeno Nguyen",
                    "email": "puleeno@gmail.com"
                }
            ],
            "description": "Jankx Assets is used to manage CSS, JS, libraries with beautiful syntax",
            "support": {
                "issues": "https://github.com/jankx/asset/issues",
                "source": "https://github.com/jankx/asset/tree/master"
            },
            "time": "2021-10-05T23:54:29+00:00"
        },
        {
            "name": "jankx/helpers",
            "version": "dev-master",
            "source": {
                "type": "git",
                "url": "https://github.com/jankx/helpers.git",
                "reference": "2002eda36f4551f7703f432e2740e7a525d51387"
            },
            "dist": {
                "type": "zip",
                "url": "https://api.github.com/repos/jankx/helpers/zipball/2002eda36f4551f7703f432e2740e7a525d51387",
                "reference": "2002eda36f4551f7703f432e2740e7a525d51387",
                "shasum": ""
            },
            "default-branch": true,
            "type": "library",
            "autoload": {
                "psr-4": {
                    "Jankx\\Helpers\\": "src/Helpers"
                },
                "files": [
                    "./loader.php"
                ]
            },
            "notification-url": "https://packagist.org/downloads/",
            "license": [
                "MIT"
            ],
            "authors": [
                {
                    "name": "Puleeno Nguyen",
                    "email": "puleeno@gmail.com"
                }
            ],
            "description": "The helpers for Jankx Framework",
            "support": {
                "issues": "https://github.com/jankx/helpers/issues",
                "source": "https://github.com/jankx/helpers/tree/master"
            },
            "time": "2021-09-28T16:13:36+00:00"
        }
    ],
    "packages-dev": [],
    "aliases": [],
    "minimum-stability": "dev",
    "stability-flags": [],
    "prefer-stable": false,
    "prefer-lowest": false,
    "platform": [],
    "platform-dev": [],
    "plugin-api-version": "2.1.0"
}
